// !$*UTF8*$!
{
	archiveVersion = 1;
	classes = {
	};
	objectVersion = 56;
	objects = {

/* Begin PBXBuildFile section */
		EB5614B829B0AEC2009D8D28 /* TitleSearchResultController.swift in Sources */ = {isa = PBXBuildFile; fileRef = EB5614B729B0AEC2009D8D28 /* TitleSearchResultController.swift */; };
		EB5614BA29B0AED4009D8D28 /* TitleSearchResultViewModel.swift in Sources */ = {isa = PBXBuildFile; fileRef = EB5614B929B0AED4009D8D28 /* TitleSearchResultViewModel.swift */; };
		EB5614BC29B0AEE5009D8D28 /* SearchRouter.swift in Sources */ = {isa = PBXBuildFile; fileRef = EB5614BB29B0AEE5009D8D28 /* SearchRouter.swift */; };
		EB5614BE29B0AEF6009D8D28 /* SearchViewController.swift in Sources */ = {isa = PBXBuildFile; fileRef = EB5614BD29B0AEF6009D8D28 /* SearchViewController.swift */; };
		EB5614C029B0AF0A009D8D28 /* SearchViewModel.swift in Sources */ = {isa = PBXBuildFile; fileRef = EB5614BF29B0AF0A009D8D28 /* SearchViewModel.swift */; };
		EB5614C229B0D353009D8D28 /* TitlePreviewCellViewModel.swift in Sources */ = {isa = PBXBuildFile; fileRef = EB5614C129B0D353009D8D28 /* TitlePreviewCellViewModel.swift */; };
		EB5614C429B0D364009D8D28 /* TitlePreviewTableCellView.swift in Sources */ = {isa = PBXBuildFile; fileRef = EB5614C329B0D364009D8D28 /* TitlePreviewTableCellView.swift */; };
		EB5614C629B1023B009D8D28 /* UINavigationBar.swift in Sources */ = {isa = PBXBuildFile; fileRef = EB5614C529B1023B009D8D28 /* UINavigationBar.swift */; };
		EB5614C829B1352D009D8D28 /* TitlePageViewModel.swift in Sources */ = {isa = PBXBuildFile; fileRef = EB5614C729B1352D009D8D28 /* TitlePageViewModel.swift */; };
		EB5614CA29B1353A009D8D28 /* TitlePageViewController.swift in Sources */ = {isa = PBXBuildFile; fileRef = EB5614C929B1353A009D8D28 /* TitlePageViewController.swift */; };
		EB5614CC29B13549009D8D28 /* TitlePageRouter.swift in Sources */ = {isa = PBXBuildFile; fileRef = EB5614CB29B13549009D8D28 /* TitlePageRouter.swift */; };
		EB5614CE29B1F96E009D8D28 /* YouTubeAPIManager.swift in Sources */ = {isa = PBXBuildFile; fileRef = EB5614CD29B1F96E009D8D28 /* YouTubeAPIManager.swift */; };
		EB5614D029B1F97F009D8D28 /* YouTubeDataExtractor.swift in Sources */ = {isa = PBXBuildFile; fileRef = EB5614CF29B1F97F009D8D28 /* YouTubeDataExtractor.swift */; };
		EB5614D229B1F98E009D8D28 /* YouTubeVideoExtractor.swift in Sources */ = {isa = PBXBuildFile; fileRef = EB5614D129B1F98E009D8D28 /* YouTubeVideoExtractor.swift */; };
		EB5614D429B2215B009D8D28 /* UpcomingTitlesViewModel.swift in Sources */ = {isa = PBXBuildFile; fileRef = EB5614D329B2215B009D8D28 /* UpcomingTitlesViewModel.swift */; };
		EB5614D629B2216C009D8D28 /* UpcomingTitlesViewController.swift in Sources */ = {isa = PBXBuildFile; fileRef = EB5614D529B2216C009D8D28 /* UpcomingTitlesViewController.swift */; };
		EB5614D829B22179009D8D28 /* UpcomingTitlesRouter.swift in Sources */ = {isa = PBXBuildFile; fileRef = EB5614D729B22179009D8D28 /* UpcomingTitlesRouter.swift */; };
		EB5614DA29B2218A009D8D28 /* BookmarksRouter.swift in Sources */ = {isa = PBXBuildFile; fileRef = EB5614D929B2218A009D8D28 /* BookmarksRouter.swift */; };
		EB5614DC29B22196009D8D28 /* BookmarksViewController.swift in Sources */ = {isa = PBXBuildFile; fileRef = EB5614DB29B22196009D8D28 /* BookmarksViewController.swift */; };
		EB5614DE29B221A4009D8D28 /* BookmarksViewModel.swift in Sources */ = {isa = PBXBuildFile; fileRef = EB5614DD29B221A4009D8D28 /* BookmarksViewModel.swift */; };
		EBE998B62987EBD400C1D275 /* AppDelegate.swift in Sources */ = {isa = PBXBuildFile; fileRef = EBE998B52987EBD400C1D275 /* AppDelegate.swift */; };
		EBE998B82987EBD400C1D275 /* SceneDelegate.swift in Sources */ = {isa = PBXBuildFile; fileRef = EBE998B72987EBD400C1D275 /* SceneDelegate.swift */; };
		EBE998BA2987EBD400C1D275 /* ViewController.swift in Sources */ = {isa = PBXBuildFile; fileRef = EBE998B92987EBD400C1D275 /* ViewController.swift */; };
		EBE998BD2987EBD400C1D275 /* Main.storyboard in Resources */ = {isa = PBXBuildFile; fileRef = EBE998BB2987EBD400C1D275 /* Main.storyboard */; };
		EBE998C02987EBD400C1D275 /* FilmsNadTT.xcdatamodeld in Sources */ = {isa = PBXBuildFile; fileRef = EBE998BE2987EBD400C1D275 /* FilmsNadTT.xcdatamodeld */; };
		EBE998C22987EBDC00C1D275 /* Assets.xcassets in Resources */ = {isa = PBXBuildFile; fileRef = EBE998C12987EBDC00C1D275 /* Assets.xcassets */; };
		EBE998C52987EBDC00C1D275 /* LaunchScreen.storyboard in Resources */ = {isa = PBXBuildFile; fileRef = EBE998C32987EBDC00C1D275 /* LaunchScreen.storyboard */; };
		EBE998D52987EE5B00C1D275 /* AssemblyBuilder.swift in Sources */ = {isa = PBXBuildFile; fileRef = EBE998D42987EE5B00C1D275 /* AssemblyBuilder.swift */; };
		EBE998D72987EF4B00C1D275 /* TMDBTitle.swift in Sources */ = {isa = PBXBuildFile; fileRef = EBE998D62987EF4B00C1D275 /* TMDBTitle.swift */; };
		EBE998D92987EF5A00C1D275 /* YouTubeVideo.swift in Sources */ = {isa = PBXBuildFile; fileRef = EBE998D82987EF5A00C1D275 /* YouTubeVideo.swift */; };
		EBE998E52988194E00C1D275 /* HomePageRouter.swift in Sources */ = {isa = PBXBuildFile; fileRef = EBE998E42988194E00C1D275 /* HomePageRouter.swift */; };
		EBE998E72988196C00C1D275 /* Router.swift in Sources */ = {isa = PBXBuildFile; fileRef = EBE998E62988196C00C1D275 /* Router.swift */; };
		EBE998E9298BCB2600C1D275 /* HomePageViewController.swift in Sources */ = {isa = PBXBuildFile; fileRef = EBE998E8298BCB2600C1D275 /* HomePageViewController.swift */; };
		EBE998EB298BCB9000C1D275 /* HomePageViewModel.swift in Sources */ = {isa = PBXBuildFile; fileRef = EBE998EA298BCB9000C1D275 /* HomePageViewModel.swift */; };
		EBE998EE298BCCA100C1D275 /* TitleHeaderView.swift in Sources */ = {isa = PBXBuildFile; fileRef = EBE998ED298BCCA100C1D275 /* TitleHeaderView.swift */; };
		EBE998F0298BCCBF00C1D275 /* TitlesHeaderViewViewModel.swift in Sources */ = {isa = PBXBuildFile; fileRef = EBE998EF298BCCBF00C1D275 /* TitlesHeaderViewViewModel.swift */; };
		EBE998F2298BCE9C00C1D275 /* ViewModelRouteDelegate.swift in Sources */ = {isa = PBXBuildFile; fileRef = EBE998F1298BCE9C00C1D275 /* ViewModelRouteDelegate.swift */; };
		EBE998F4298BCEBA00C1D275 /* TitleActionsViewModelProtocol.swift in Sources */ = {isa = PBXBuildFile; fileRef = EBE998F3298BCEBA00C1D275 /* TitleActionsViewModelProtocol.swift */; };
		EBE998F6298BD07C00C1D275 /* StorageManager.swift in Sources */ = {isa = PBXBuildFile; fileRef = EBE998F5298BD07C00C1D275 /* StorageManager.swift */; };
		EBE998F9298BD10B00C1D275 /* NetworkService.swift in Sources */ = {isa = PBXBuildFile; fileRef = EBE998F8298BD10B00C1D275 /* NetworkService.swift */; };
		EBE998FB298BD12400C1D275 /* NetworkDataExtractor.swift in Sources */ = {isa = PBXBuildFile; fileRef = EBE998FA298BD12400C1D275 /* NetworkDataExtractor.swift */; };
		EBE998FE298BD15800C1D275 /* APIKeysManager.swift in Sources */ = {isa = PBXBuildFile; fileRef = EBE998FD298BD15800C1D275 /* APIKeysManager.swift */; };
		EBE99901298BD1B000C1D275 /* TMDBAPIManager.swift in Sources */ = {isa = PBXBuildFile; fileRef = EBE99900298BD1B000C1D275 /* TMDBAPIManager.swift */; };
		EBE99903298BD1C000C1D275 /* TMDBDataExtractor.swift in Sources */ = {isa = PBXBuildFile; fileRef = EBE99902298BD1C000C1D275 /* TMDBDataExtractor.swift */; };
		EBE99906298D076D00C1D275 /* Extension + CAGradientLayer.swift in Sources */ = {isa = PBXBuildFile; fileRef = EBE99905298D076D00C1D275 /* Extension + CAGradientLayer.swift */; };
		EBE99908298D394300C1D275 /* MainTabBarController.swift in Sources */ = {isa = PBXBuildFile; fileRef = EBE99907298D394200C1D275 /* MainTabBarController.swift */; };
		EBE9990A298D39B000C1D275 /* TitlePageBackgroundView.swift in Sources */ = {isa = PBXBuildFile; fileRef = EBE99909298D39B000C1D275 /* TitlePageBackgroundView.swift */; };
		EBE99910298D3DD400C1D275 /* TitleGroupCell.swift in Sources */ = {isa = PBXBuildFile; fileRef = EBE9990F298D3DD400C1D275 /* TitleGroupCell.swift */; };
		EBE99912298D3DEE00C1D275 /* TitlesGroupCellViewModel.swift in Sources */ = {isa = PBXBuildFile; fileRef = EBE99911298D3DEE00C1D275 /* TitlesGroupCellViewModel.swift */; };
		EBE99914298D45BA00C1D275 /* TitlesListCell.swift in Sources */ = {isa = PBXBuildFile; fileRef = EBE99913298D45BA00C1D275 /* TitlesListCell.swift */; };
		EBE99916298D45EB00C1D275 /* TitlesListCellViewModel.swift in Sources */ = {isa = PBXBuildFile; fileRef = EBE99915298D45EB00C1D275 /* TitlesListCellViewModel.swift */; };
		EBE999622991458500C1D275 /* TitleCellActionsBuilder.swift in Sources */ = {isa = PBXBuildFile; fileRef = EBE999612991458500C1D275 /* TitleCellActionsBuilder.swift */; };
		EBE999642991459F00C1D275 /* TitleCellContextMenuBuilder.swift in Sources */ = {isa = PBXBuildFile; fileRef = EBE999632991459F00C1D275 /* TitleCellContextMenuBuilder.swift */; };
/* End PBXBuildFile section */

/* Begin PBXFileReference section */
		EB5614B729B0AEC2009D8D28 /* TitleSearchResultController.swift */ = {isa = PBXFileReference; lastKnownFileType = sourcecode.swift; path = TitleSearchResultController.swift; sourceTree = "<group>"; };
		EB5614B929B0AED4009D8D28 /* TitleSearchResultViewModel.swift */ = {isa = PBXFileReference; lastKnownFileType = sourcecode.swift; path = TitleSearchResultViewModel.swift; sourceTree = "<group>"; };
		EB5614BB29B0AEE5009D8D28 /* SearchRouter.swift */ = {isa = PBXFileReference; lastKnownFileType = sourcecode.swift; path = SearchRouter.swift; sourceTree = "<group>"; };
		EB5614BD29B0AEF6009D8D28 /* SearchViewController.swift */ = {isa = PBXFileReference; lastKnownFileType = sourcecode.swift; path = SearchViewController.swift; sourceTree = "<group>"; };
		EB5614BF29B0AF0A009D8D28 /* SearchViewModel.swift */ = {isa = PBXFileReference; lastKnownFileType = sourcecode.swift; path = SearchViewModel.swift; sourceTree = "<group>"; };
		EB5614C129B0D353009D8D28 /* TitlePreviewCellViewModel.swift */ = {isa = PBXFileReference; lastKnownFileType = sourcecode.swift; path = TitlePreviewCellViewModel.swift; sourceTree = "<group>"; };
		EB5614C329B0D364009D8D28 /* TitlePreviewTableCellView.swift */ = {isa = PBXFileReference; lastKnownFileType = sourcecode.swift; path = TitlePreviewTableCellView.swift; sourceTree = "<group>"; };
		EB5614C529B1023B009D8D28 /* UINavigationBar.swift */ = {isa = PBXFileReference; lastKnownFileType = sourcecode.swift; path = UINavigationBar.swift; sourceTree = "<group>"; };
		EB5614C729B1352D009D8D28 /* TitlePageViewModel.swift */ = {isa = PBXFileReference; lastKnownFileType = sourcecode.swift; path = TitlePageViewModel.swift; sourceTree = "<group>"; };
		EB5614C929B1353A009D8D28 /* TitlePageViewController.swift */ = {isa = PBXFileReference; lastKnownFileType = sourcecode.swift; path = TitlePageViewController.swift; sourceTree = "<group>"; };
		EB5614CB29B13549009D8D28 /* TitlePageRouter.swift */ = {isa = PBXFileReference; lastKnownFileType = sourcecode.swift; path = TitlePageRouter.swift; sourceTree = "<group>"; };
		EB5614CD29B1F96E009D8D28 /* YouTubeAPIManager.swift */ = {isa = PBXFileReference; lastKnownFileType = sourcecode.swift; path = YouTubeAPIManager.swift; sourceTree = "<group>"; };
		EB5614CF29B1F97F009D8D28 /* YouTubeDataExtractor.swift */ = {isa = PBXFileReference; lastKnownFileType = sourcecode.swift; path = YouTubeDataExtractor.swift; sourceTree = "<group>"; };
		EB5614D129B1F98E009D8D28 /* YouTubeVideoExtractor.swift */ = {isa = PBXFileReference; lastKnownFileType = sourcecode.swift; path = YouTubeVideoExtractor.swift; sourceTree = "<group>"; };
		EB5614D329B2215B009D8D28 /* UpcomingTitlesViewModel.swift */ = {isa = PBXFileReference; lastKnownFileType = sourcecode.swift; path = UpcomingTitlesViewModel.swift; sourceTree = "<group>"; };
		EB5614D529B2216C009D8D28 /* UpcomingTitlesViewController.swift */ = {isa = PBXFileReference; lastKnownFileType = sourcecode.swift; path = UpcomingTitlesViewController.swift; sourceTree = "<group>"; };
		EB5614D729B22179009D8D28 /* UpcomingTitlesRouter.swift */ = {isa = PBXFileReference; lastKnownFileType = sourcecode.swift; path = UpcomingTitlesRouter.swift; sourceTree = "<group>"; };
		EB5614D929B2218A009D8D28 /* BookmarksRouter.swift */ = {isa = PBXFileReference; lastKnownFileType = sourcecode.swift; path = BookmarksRouter.swift; sourceTree = "<group>"; };
		EB5614DB29B22196009D8D28 /* BookmarksViewController.swift */ = {isa = PBXFileReference; lastKnownFileType = sourcecode.swift; path = BookmarksViewController.swift; sourceTree = "<group>"; };
		EB5614DD29B221A4009D8D28 /* BookmarksViewModel.swift */ = {isa = PBXFileReference; lastKnownFileType = sourcecode.swift; path = BookmarksViewModel.swift; sourceTree = "<group>"; };
		EBE998B22987EBD400C1D275 /* FilmsNadTT.app */ = {isa = PBXFileReference; explicitFileType = wrapper.application; includeInIndex = 0; path = FilmsNadTT.app; sourceTree = BUILT_PRODUCTS_DIR; };
		EBE998B52987EBD400C1D275 /* AppDelegate.swift */ = {isa = PBXFileReference; lastKnownFileType = sourcecode.swift; path = AppDelegate.swift; sourceTree = "<group>"; };
		EBE998B72987EBD400C1D275 /* SceneDelegate.swift */ = {isa = PBXFileReference; lastKnownFileType = sourcecode.swift; path = SceneDelegate.swift; sourceTree = "<group>"; };
		EBE998B92987EBD400C1D275 /* ViewController.swift */ = {isa = PBXFileReference; lastKnownFileType = sourcecode.swift; path = ViewController.swift; sourceTree = "<group>"; };
		EBE998BC2987EBD400C1D275 /* Base */ = {isa = PBXFileReference; lastKnownFileType = file.storyboard; name = Base; path = Base.lproj/Main.storyboard; sourceTree = "<group>"; };
		EBE998BF2987EBD400C1D275 /* FilmsNadTT.xcdatamodel */ = {isa = PBXFileReference; lastKnownFileType = wrapper.xcdatamodel; path = FilmsNadTT.xcdatamodel; sourceTree = "<group>"; };
		EBE998C12987EBDC00C1D275 /* Assets.xcassets */ = {isa = PBXFileReference; lastKnownFileType = folder.assetcatalog; path = Assets.xcassets; sourceTree = "<group>"; };
		EBE998C42987EBDC00C1D275 /* Base */ = {isa = PBXFileReference; lastKnownFileType = file.storyboard; name = Base; path = Base.lproj/LaunchScreen.storyboard; sourceTree = "<group>"; };
		EBE998C62987EBDC00C1D275 /* Info.plist */ = {isa = PBXFileReference; lastKnownFileType = text.plist.xml; path = Info.plist; sourceTree = "<group>"; };
		EBE998D42987EE5B00C1D275 /* AssemblyBuilder.swift */ = {isa = PBXFileReference; lastKnownFileType = sourcecode.swift; path = AssemblyBuilder.swift; sourceTree = "<group>"; };
		EBE998D62987EF4B00C1D275 /* TMDBTitle.swift */ = {isa = PBXFileReference; lastKnownFileType = sourcecode.swift; path = TMDBTitle.swift; sourceTree = "<group>"; };
		EBE998D82987EF5A00C1D275 /* YouTubeVideo.swift */ = {isa = PBXFileReference; lastKnownFileType = sourcecode.swift; path = YouTubeVideo.swift; sourceTree = "<group>"; };
		EBE998DE2988120900C1D275 /* FilmsNadTT 2.xcdatamodel */ = {isa = PBXFileReference; lastKnownFileType = wrapper.xcdatamodel; path = "FilmsNadTT 2.xcdatamodel"; sourceTree = "<group>"; };
		EBE998E42988194E00C1D275 /* HomePageRouter.swift */ = {isa = PBXFileReference; lastKnownFileType = sourcecode.swift; path = HomePageRouter.swift; sourceTree = "<group>"; };
		EBE998E62988196C00C1D275 /* Router.swift */ = {isa = PBXFileReference; lastKnownFileType = sourcecode.swift; path = Router.swift; sourceTree = "<group>"; };
		EBE998E8298BCB2600C1D275 /* HomePageViewController.swift */ = {isa = PBXFileReference; lastKnownFileType = sourcecode.swift; path = HomePageViewController.swift; sourceTree = "<group>"; };
		EBE998EA298BCB9000C1D275 /* HomePageViewModel.swift */ = {isa = PBXFileReference; lastKnownFileType = sourcecode.swift; path = HomePageViewModel.swift; sourceTree = "<group>"; };
		EBE998ED298BCCA100C1D275 /* TitleHeaderView.swift */ = {isa = PBXFileReference; lastKnownFileType = sourcecode.swift; path = TitleHeaderView.swift; sourceTree = "<group>"; };
		EBE998EF298BCCBF00C1D275 /* TitlesHeaderViewViewModel.swift */ = {isa = PBXFileReference; lastKnownFileType = sourcecode.swift; path = TitlesHeaderViewViewModel.swift; sourceTree = "<group>"; };
		EBE998F1298BCE9C00C1D275 /* ViewModelRouteDelegate.swift */ = {isa = PBXFileReference; lastKnownFileType = sourcecode.swift; path = ViewModelRouteDelegate.swift; sourceTree = "<group>"; };
		EBE998F3298BCEBA00C1D275 /* TitleActionsViewModelProtocol.swift */ = {isa = PBXFileReference; lastKnownFileType = sourcecode.swift; path = TitleActionsViewModelProtocol.swift; sourceTree = "<group>"; };
		EBE998F5298BD07C00C1D275 /* StorageManager.swift */ = {isa = PBXFileReference; lastKnownFileType = sourcecode.swift; path = StorageManager.swift; sourceTree = "<group>"; };
		EBE998F8298BD10B00C1D275 /* NetworkService.swift */ = {isa = PBXFileReference; lastKnownFileType = sourcecode.swift; path = NetworkService.swift; sourceTree = "<group>"; };
		EBE998FA298BD12400C1D275 /* NetworkDataExtractor.swift */ = {isa = PBXFileReference; lastKnownFileType = sourcecode.swift; path = NetworkDataExtractor.swift; sourceTree = "<group>"; };
		EBE998FD298BD15800C1D275 /* APIKeysManager.swift */ = {isa = PBXFileReference; lastKnownFileType = sourcecode.swift; path = APIKeysManager.swift; sourceTree = "<group>"; };
		EBE99900298BD1B000C1D275 /* TMDBAPIManager.swift */ = {isa = PBXFileReference; lastKnownFileType = sourcecode.swift; path = TMDBAPIManager.swift; sourceTree = "<group>"; };
		EBE99902298BD1C000C1D275 /* TMDBDataExtractor.swift */ = {isa = PBXFileReference; lastKnownFileType = sourcecode.swift; path = TMDBDataExtractor.swift; sourceTree = "<group>"; };
		EBE99905298D076D00C1D275 /* Extension + CAGradientLayer.swift */ = {isa = PBXFileReference; lastKnownFileType = sourcecode.swift; path = "Extension + CAGradientLayer.swift"; sourceTree = "<group>"; };
		EBE99907298D394200C1D275 /* MainTabBarController.swift */ = {isa = PBXFileReference; lastKnownFileType = sourcecode.swift; path = MainTabBarController.swift; sourceTree = "<group>"; };
		EBE99909298D39B000C1D275 /* TitlePageBackgroundView.swift */ = {isa = PBXFileReference; lastKnownFileType = sourcecode.swift; path = TitlePageBackgroundView.swift; sourceTree = "<group>"; };
		EBE9990F298D3DD400C1D275 /* TitleGroupCell.swift */ = {isa = PBXFileReference; lastKnownFileType = sourcecode.swift; path = TitleGroupCell.swift; sourceTree = "<group>"; };
		EBE99911298D3DEE00C1D275 /* TitlesGroupCellViewModel.swift */ = {isa = PBXFileReference; lastKnownFileType = sourcecode.swift; path = TitlesGroupCellViewModel.swift; sourceTree = "<group>"; };
		EBE99913298D45BA00C1D275 /* TitlesListCell.swift */ = {isa = PBXFileReference; lastKnownFileType = sourcecode.swift; path = TitlesListCell.swift; sourceTree = "<group>"; };
		EBE99915298D45EB00C1D275 /* TitlesListCellViewModel.swift */ = {isa = PBXFileReference; lastKnownFileType = sourcecode.swift; path = TitlesListCellViewModel.swift; sourceTree = "<group>"; };
		EBE999612991458500C1D275 /* TitleCellActionsBuilder.swift */ = {isa = PBXFileReference; lastKnownFileType = sourcecode.swift; path = TitleCellActionsBuilder.swift; sourceTree = "<group>"; };
		EBE999632991459F00C1D275 /* TitleCellContextMenuBuilder.swift */ = {isa = PBXFileReference; lastKnownFileType = sourcecode.swift; path = TitleCellContextMenuBuilder.swift; sourceTree = "<group>"; };
/* End PBXFileReference section */

/* Begin PBXFrameworksBuildPhase section */
		EBE998AF2987EBD400C1D275 /* Frameworks */ = {
			isa = PBXFrameworksBuildPhase;
			buildActionMask = 2147483647;
			files = (
			);
			runOnlyForDeploymentPostprocessing = 0;
		};
/* End PBXFrameworksBuildPhase section */

/* Begin PBXGroup section */
		EB5614B629B0AEA0009D8D28 /* SearchResultModel */ = {
			isa = PBXGroup;
			children = (
				EB5614B729B0AEC2009D8D28 /* TitleSearchResultController.swift */,
				EB5614B929B0AED4009D8D28 /* TitleSearchResultViewModel.swift */,
			);
			path = SearchResultModel;
			sourceTree = "<group>";
		};
		EBE998A92987EBD400C1D275 = {
			isa = PBXGroup;
			children = (
				EBE998B42987EBD400C1D275 /* FilmsNadTT */,
				EBE998B32987EBD400C1D275 /* Products */,
			);
			sourceTree = "<group>";
		};
		EBE998B32987EBD400C1D275 /* Products */ = {
			isa = PBXGroup;
			children = (
				EBE998B22987EBD400C1D275 /* FilmsNadTT.app */,
			);
			name = Products;
			sourceTree = "<group>";
		};
		EBE998B42987EBD400C1D275 /* FilmsNadTT */ = {
			isa = PBXGroup;
			children = (
				EBE998D42987EE5B00C1D275 /* AssemblyBuilder.swift */,
				EBE999612991458500C1D275 /* TitleCellActionsBuilder.swift */,
				EBE999632991459F00C1D275 /* TitleCellContextMenuBuilder.swift */,
				EBE998D32987EC4F00C1D275 /* Model */,
				EBE998D22987EC4900C1D275 /* View */,
				EBE998D12987EC3C00C1D275 /* ViewModel */,
				EBE998D02987EC3100C1D275 /* AppFile */,
				EBE998CF2987EC2300C1D275 /* Protocol */,
				EBE998CE2987EC1800C1D275 /* Service */,
				EBE998CD2987EC0B00C1D275 /* Extension */,
				EBE998CC2987EBEF00C1D275 /* Supporting */,
				EBE998B92987EBD400C1D275 /* ViewController.swift */,
				EBE998BB2987EBD400C1D275 /* Main.storyboard */,
				EBE998C62987EBDC00C1D275 /* Info.plist */,
				EBE998BE2987EBD400C1D275 /* FilmsNadTT.xcdatamodeld */,
			);
			path = FilmsNadTT;
			sourceTree = "<group>";
		};
		EBE998CC2987EBEF00C1D275 /* Supporting */ = {
			isa = PBXGroup;
			children = (
				EBE998C12987EBDC00C1D275 /* Assets.xcassets */,
				EBE998C32987EBDC00C1D275 /* LaunchScreen.storyboard */,
			);
			path = Supporting;
			sourceTree = "<group>";
		};
		EBE998CD2987EC0B00C1D275 /* Extension */ = {
			isa = PBXGroup;
			children = (
				EBE99905298D076D00C1D275 /* Extension + CAGradientLayer.swift */,
				EB5614C529B1023B009D8D28 /* UINavigationBar.swift */,
			);
			path = Extension;
			sourceTree = "<group>";
		};
		EBE998CE2987EC1800C1D275 /* Service */ = {
			isa = PBXGroup;
			children = (
				EBE998F5298BD07C00C1D275 /* StorageManager.swift */,
				EBE998F7298BD08400C1D275 /* NetworkServices */,
			);
			path = Service;
			sourceTree = "<group>";
		};
		EBE998CF2987EC2300C1D275 /* Protocol */ = {
			isa = PBXGroup;
			children = (
				EBE998E62988196C00C1D275 /* Router.swift */,
				EBE998F1298BCE9C00C1D275 /* ViewModelRouteDelegate.swift */,
				EBE998F3298BCEBA00C1D275 /* TitleActionsViewModelProtocol.swift */,
			);
			path = Protocol;
			sourceTree = "<group>";
		};
		EBE998D02987EC3100C1D275 /* AppFile */ = {
			isa = PBXGroup;
			children = (
				EBE998B52987EBD400C1D275 /* AppDelegate.swift */,
				EBE998B72987EBD400C1D275 /* SceneDelegate.swift */,
			);
			path = AppFile;
			sourceTree = "<group>";
		};
		EBE998D12987EC3C00C1D275 /* ViewModel */ = {
			isa = PBXGroup;
			children = (
				EBE998E3298818E100C1D275 /* HomePageModule */,
				EBE998E2298818D500C1D275 /* TitlePageModule */,
				EBE998E1298818CA00C1D275 /* SearchModule */,
				EBE998E0298818BA00C1D275 /* UpcomingTitleModule */,
				EBE998DF298818A600C1D275 /* BookmarkModule */,
			);
			path = ViewModel;
			sourceTree = "<group>";
		};
		EBE998D22987EC4900C1D275 /* View */ = {
			isa = PBXGroup;
			children = (
				EBE99907298D394200C1D275 /* MainTabBarController.swift */,
				EBE99909298D39B000C1D275 /* TitlePageBackgroundView.swift */,
				EBE9990E298D39F300C1D275 /* TitlePreviewCell */,
				EBE9990D298D39D700C1D275 /* BookmarkTitleCell */,
				EBE9990C298D39CA00C1D275 /* TitlesGroupCell */,
				EBE9990B298D39B900C1D275 /* TitlesListCell */,
			);
			path = View;
			sourceTree = "<group>";
		};
		EBE998D32987EC4F00C1D275 /* Model */ = {
			isa = PBXGroup;
			children = (
				EBE998D62987EF4B00C1D275 /* TMDBTitle.swift */,
				EBE998D82987EF5A00C1D275 /* YouTubeVideo.swift */,
			);
			path = Model;
			sourceTree = "<group>";
		};
		EBE998DF298818A600C1D275 /* BookmarkModule */ = {
			isa = PBXGroup;
			children = (
				EB5614D929B2218A009D8D28 /* BookmarksRouter.swift */,
				EB5614DB29B22196009D8D28 /* BookmarksViewController.swift */,
				EB5614DD29B221A4009D8D28 /* BookmarksViewModel.swift */,
			);
			path = BookmarkModule;
			sourceTree = "<group>";
		};
		EBE998E0298818BA00C1D275 /* UpcomingTitleModule */ = {
			isa = PBXGroup;
			children = (
				EB5614D729B22179009D8D28 /* UpcomingTitlesRouter.swift */,
				EB5614D529B2216C009D8D28 /* UpcomingTitlesViewController.swift */,
				EB5614D329B2215B009D8D28 /* UpcomingTitlesViewModel.swift */,
			);
			path = UpcomingTitleModule;
			sourceTree = "<group>";
		};
		EBE998E1298818CA00C1D275 /* SearchModule */ = {
			isa = PBXGroup;
			children = (
				EB5614BB29B0AEE5009D8D28 /* SearchRouter.swift */,
				EB5614BD29B0AEF6009D8D28 /* SearchViewController.swift */,
				EB5614BF29B0AF0A009D8D28 /* SearchViewModel.swift */,
				EB5614B629B0AEA0009D8D28 /* SearchResultModel */,
			);
			path = SearchModule;
			sourceTree = "<group>";
		};
		EBE998E2298818D500C1D275 /* TitlePageModule */ = {
			isa = PBXGroup;
			children = (
				EB5614C729B1352D009D8D28 /* TitlePageViewModel.swift */,
				EB5614C929B1353A009D8D28 /* TitlePageViewController.swift */,
				EB5614CB29B13549009D8D28 /* TitlePageRouter.swift */,
			);
			path = TitlePageModule;
			sourceTree = "<group>";
		};
		EBE998E3298818E100C1D275 /* HomePageModule */ = {
			isa = PBXGroup;
			children = (
				EBE998EC298BCC7000C1D275 /* TitlesHeaderView */,
				EBE998E42988194E00C1D275 /* HomePageRouter.swift */,
				EBE998E8298BCB2600C1D275 /* HomePageViewController.swift */,
				EBE998EA298BCB9000C1D275 /* HomePageViewModel.swift */,
			);
			path = HomePageModule;
			sourceTree = "<group>";
		};
		EBE998EC298BCC7000C1D275 /* TitlesHeaderView */ = {
			isa = PBXGroup;
			children = (
				EBE998ED298BCCA100C1D275 /* TitleHeaderView.swift */,
				EBE998EF298BCCBF00C1D275 /* TitlesHeaderViewViewModel.swift */,
			);
			path = TitlesHeaderView;
			sourceTree = "<group>";
		};
		EBE998F7298BD08400C1D275 /* NetworkServices */ = {
			isa = PBXGroup;
			children = (
				EBE998F8298BD10B00C1D275 /* NetworkService.swift */,
				EBE998FA298BD12400C1D275 /* NetworkDataExtractor.swift */,
				EBE998FC298BD13F00C1D275 /* API */,
			);
			path = NetworkServices;
			sourceTree = "<group>";
		};
		EBE998FC298BD13F00C1D275 /* API */ = {
			isa = PBXGroup;
			children = (
				EBE998FD298BD15800C1D275 /* APIKeysManager.swift */,
				EBE998FF298BD17E00C1D275 /* TMDB */,
				EBE99904298BD1D100C1D275 /* YouTube */,
			);
			path = API;
			sourceTree = "<group>";
		};
		EBE998FF298BD17E00C1D275 /* TMDB */ = {
			isa = PBXGroup;
			children = (
				EBE99900298BD1B000C1D275 /* TMDBAPIManager.swift */,
				EBE99902298BD1C000C1D275 /* TMDBDataExtractor.swift */,
			);
			path = TMDB;
			sourceTree = "<group>";
		};
		EBE99904298BD1D100C1D275 /* YouTube */ = {
			isa = PBXGroup;
			children = (
				EB5614CD29B1F96E009D8D28 /* YouTubeAPIManager.swift */,
				EB5614CF29B1F97F009D8D28 /* YouTubeDataExtractor.swift */,
				EB5614D129B1F98E009D8D28 /* YouTubeVideoExtractor.swift */,
			);
			path = YouTube;
			sourceTree = "<group>";
		};
		EBE9990B298D39B900C1D275 /* TitlesListCell */ = {
			isa = PBXGroup;
			children = (
				EBE99913298D45BA00C1D275 /* TitlesListCell.swift */,
				EBE99915298D45EB00C1D275 /* TitlesListCellViewModel.swift */,
			);
			path = TitlesListCell;
			sourceTree = "<group>";
		};
		EBE9990C298D39CA00C1D275 /* TitlesGroupCell */ = {
			isa = PBXGroup;
			children = (
				EBE9990F298D3DD400C1D275 /* TitleGroupCell.swift */,
				EBE99911298D3DEE00C1D275 /* TitlesGroupCellViewModel.swift */,
			);
			path = TitlesGroupCell;
			sourceTree = "<group>";
		};
		EBE9990D298D39D700C1D275 /* BookmarkTitleCell */ = {
			isa = PBXGroup;
			children = (
			);
			path = BookmarkTitleCell;
			sourceTree = "<group>";
		};
		EBE9990E298D39F300C1D275 /* TitlePreviewCell */ = {
			isa = PBXGroup;
			children = (
				EB5614C329B0D364009D8D28 /* TitlePreviewTableCellView.swift */,
				EB5614C129B0D353009D8D28 /* TitlePreviewCellViewModel.swift */,
			);
			path = TitlePreviewCell;
			sourceTree = "<group>";
		};
/* End PBXGroup section */

/* Begin PBXNativeTarget section */
		EBE998B12987EBD400C1D275 /* FilmsNadTT */ = {
			isa = PBXNativeTarget;
			buildConfigurationList = EBE998C92987EBDC00C1D275 /* Build configuration list for PBXNativeTarget "FilmsNadTT" */;
			buildPhases = (
				EBE998AE2987EBD400C1D275 /* Sources */,
				EBE998AF2987EBD400C1D275 /* Frameworks */,
				EBE998B02987EBD400C1D275 /* Resources */,
			);
			buildRules = (
			);
			dependencies = (
			);
			name = FilmsNadTT;
			productName = FilmsNadTT;
			productReference = EBE998B22987EBD400C1D275 /* FilmsNadTT.app */;
			productType = "com.apple.product-type.application";
		};
/* End PBXNativeTarget section */

/* Begin PBXProject section */
		EBE998AA2987EBD400C1D275 /* Project object */ = {
			isa = PBXProject;
			attributes = {
				BuildIndependentTargetsInParallel = 1;
				LastSwiftUpdateCheck = 1400;
				LastUpgradeCheck = 1400;
				TargetAttributes = {
					EBE998B12987EBD400C1D275 = {
						CreatedOnToolsVersion = 14.0.1;
					};
				};
			};
			buildConfigurationList = EBE998AD2987EBD400C1D275 /* Build configuration list for PBXProject "FilmsNadTT" */;
			compatibilityVersion = "Xcode 14.0";
			developmentRegion = en;
			hasScannedForEncodings = 0;
			knownRegions = (
				en,
				Base,
			);
			mainGroup = EBE998A92987EBD400C1D275;
			productRefGroup = EBE998B32987EBD400C1D275 /* Products */;
			projectDirPath = "";
			projectRoot = "";
			targets = (
				EBE998B12987EBD400C1D275 /* FilmsNadTT */,
			);
		};
/* End PBXProject section */

/* Begin PBXResourcesBuildPhase section */
		EBE998B02987EBD400C1D275 /* Resources */ = {
			isa = PBXResourcesBuildPhase;
			buildActionMask = 2147483647;
			files = (
				EBE998C52987EBDC00C1D275 /* LaunchScreen.storyboard in Resources */,
				EBE998C22987EBDC00C1D275 /* Assets.xcassets in Resources */,
				EBE998BD2987EBD400C1D275 /* Main.storyboard in Resources */,
			);
			runOnlyForDeploymentPostprocessing = 0;
		};
/* End PBXResourcesBuildPhase section */

/* Begin PBXSourcesBuildPhase section */
		EBE998AE2987EBD400C1D275 /* Sources */ = {
			isa = PBXSourcesBuildPhase;
			buildActionMask = 2147483647;
			files = (
				EB5614CC29B13549009D8D28 /* TitlePageRouter.swift in Sources */,
				EBE998F0298BCCBF00C1D275 /* TitlesHeaderViewViewModel.swift in Sources */,
				EB5614C829B1352D009D8D28 /* TitlePageViewModel.swift in Sources */,
				EB5614C029B0AF0A009D8D28 /* SearchViewModel.swift in Sources */,
				EBE998BA2987EBD400C1D275 /* ViewController.swift in Sources */,
				EBE998F4298BCEBA00C1D275 /* TitleActionsViewModelProtocol.swift in Sources */,
				EBE99906298D076D00C1D275 /* Extension + CAGradientLayer.swift in Sources */,
				EBE99901298BD1B000C1D275 /* TMDBAPIManager.swift in Sources */,
				EBE998D72987EF4B00C1D275 /* TMDBTitle.swift in Sources */,
				EB5614C429B0D364009D8D28 /* TitlePreviewTableCellView.swift in Sources */,
				EB5614D229B1F98E009D8D28 /* YouTubeVideoExtractor.swift in Sources */,
				EBE998D92987EF5A00C1D275 /* YouTubeVideo.swift in Sources */,
				EBE99903298BD1C000C1D275 /* TMDBDataExtractor.swift in Sources */,
				EB5614D829B22179009D8D28 /* UpcomingTitlesRouter.swift in Sources */,
				EB5614DC29B22196009D8D28 /* BookmarksViewController.swift in Sources */,
				EBE999622991458500C1D275 /* TitleCellActionsBuilder.swift in Sources */,
				EB5614DE29B221A4009D8D28 /* BookmarksViewModel.swift in Sources */,
				EBE998F9298BD10B00C1D275 /* NetworkService.swift in Sources */,
				EBE99916298D45EB00C1D275 /* TitlesListCellViewModel.swift in Sources */,
				EB5614CA29B1353A009D8D28 /* TitlePageViewController.swift in Sources */,
				EB5614C629B1023B009D8D28 /* UINavigationBar.swift in Sources */,
				EBE99910298D3DD400C1D275 /* TitleGroupCell.swift in Sources */,
				EBE998D52987EE5B00C1D275 /* AssemblyBuilder.swift in Sources */,
				EBE9990A298D39B000C1D275 /* TitlePageBackgroundView.swift in Sources */,
				EBE998E72988196C00C1D275 /* Router.swift in Sources */,
				EBE999642991459F00C1D275 /* TitleCellContextMenuBuilder.swift in Sources */,
				EBE998C02987EBD400C1D275 /* FilmsNadTT.xcdatamodeld in Sources */,
				EBE998FB298BD12400C1D275 /* NetworkDataExtractor.swift in Sources */,
				EB5614DA29B2218A009D8D28 /* BookmarksRouter.swift in Sources */,
				EB5614D029B1F97F009D8D28 /* YouTubeDataExtractor.swift in Sources */,
				EBE99914298D45BA00C1D275 /* TitlesListCell.swift in Sources */,
				EBE998F2298BCE9C00C1D275 /* ViewModelRouteDelegate.swift in Sources */,
				EB5614D429B2215B009D8D28 /* UpcomingTitlesViewModel.swift in Sources */,
				EB5614BE29B0AEF6009D8D28 /* SearchViewController.swift in Sources */,
				EB5614C229B0D353009D8D28 /* TitlePreviewCellViewModel.swift in Sources */,
				EB5614CE29B1F96E009D8D28 /* YouTubeAPIManager.swift in Sources */,
				EBE998B62987EBD400C1D275 /* AppDelegate.swift in Sources */,
				EBE99912298D3DEE00C1D275 /* TitlesGroupCellViewModel.swift in Sources */,
				EBE998FE298BD15800C1D275 /* APIKeysManager.swift in Sources */,
				EBE998E52988194E00C1D275 /* HomePageRouter.swift in Sources */,
				EB5614BC29B0AEE5009D8D28 /* SearchRouter.swift in Sources */,
				EBE998E9298BCB2600C1D275 /* HomePageViewController.swift in Sources */,
				EBE998B82987EBD400C1D275 /* SceneDelegate.swift in Sources */,
				EBE998EE298BCCA100C1D275 /* TitleHeaderView.swift in Sources */,
				EBE998EB298BCB9000C1D275 /* HomePageViewModel.swift in Sources */,
				EB5614BA29B0AED4009D8D28 /* TitleSearchResultViewModel.swift in Sources */,
				EBE998F6298BD07C00C1D275 /* StorageManager.swift in Sources */,
				EBE99908298D394300C1D275 /* MainTabBarController.swift in Sources */,
				EB5614B829B0AEC2009D8D28 /* TitleSearchResultController.swift in Sources */,
				EB5614D629B2216C009D8D28 /* UpcomingTitlesViewController.swift in Sources */,
			);
			runOnlyForDeploymentPostprocessing = 0;
		};
/* End PBXSourcesBuildPhase section */

/* Begin PBXVariantGroup section */
		EBE998BB2987EBD400C1D275 /* Main.storyboard */ = {
			isa = PBXVariantGroup;
			children = (
				EBE998BC2987EBD400C1D275 /* Base */,
			);
			name = Main.storyboard;
			sourceTree = "<group>";
		};
		EBE998C32987EBDC00C1D275 /* LaunchScreen.storyboard */ = {
			isa = PBXVariantGroup;
			children = (
				EBE998C42987EBDC00C1D275 /* Base */,
			);
			name = LaunchScreen.storyboard;
			sourceTree = "<group>";
		};
/* End PBXVariantGroup section */

/* Begin XCBuildConfiguration section */
		EBE998C72987EBDC00C1D275 /* Debug */ = {
			isa = XCBuildConfiguration;
			buildSettings = {
				ALWAYS_SEARCH_USER_PATHS = NO;
				CLANG_ANALYZER_NONNULL = YES;
				CLANG_ANALYZER_NUMBER_OBJECT_CONVERSION = YES_AGGRESSIVE;
				CLANG_CXX_LANGUAGE_STANDARD = "gnu++20";
				CLANG_ENABLE_MODULES = YES;
				CLANG_ENABLE_OBJC_ARC = YES;
				CLANG_ENABLE_OBJC_WEAK = YES;
				CLANG_WARN_BLOCK_CAPTURE_AUTORELEASING = YES;
				CLANG_WARN_BOOL_CONVERSION = YES;
				CLANG_WARN_COMMA = YES;
				CLANG_WARN_CONSTANT_CONVERSION = YES;
				CLANG_WARN_DEPRECATED_OBJC_IMPLEMENTATIONS = YES;
				CLANG_WARN_DIRECT_OBJC_ISA_USAGE = YES_ERROR;
				CLANG_WARN_DOCUMENTATION_COMMENTS = YES;
				CLANG_WARN_EMPTY_BODY = YES;
				CLANG_WARN_ENUM_CONVERSION = YES;
				CLANG_WARN_INFINITE_RECURSION = YES;
				CLANG_WARN_INT_CONVERSION = YES;
				CLANG_WARN_NON_LITERAL_NULL_CONVERSION = YES;
				CLANG_WARN_OBJC_IMPLICIT_RETAIN_SELF = YES;
				CLANG_WARN_OBJC_LITERAL_CONVERSION = YES;
				CLANG_WARN_OBJC_ROOT_CLASS = YES_ERROR;
				CLANG_WARN_QUOTED_INCLUDE_IN_FRAMEWORK_HEADER = YES;
				CLANG_WARN_RANGE_LOOP_ANALYSIS = YES;
				CLANG_WARN_STRICT_PROTOTYPES = YES;
				CLANG_WARN_SUSPICIOUS_MOVE = YES;
				CLANG_WARN_UNGUARDED_AVAILABILITY = YES_AGGRESSIVE;
				CLANG_WARN_UNREACHABLE_CODE = YES;
				CLANG_WARN__DUPLICATE_METHOD_MATCH = YES;
				COPY_PHASE_STRIP = NO;
				DEBUG_INFORMATION_FORMAT = dwarf;
				ENABLE_STRICT_OBJC_MSGSEND = YES;
				ENABLE_TESTABILITY = YES;
				GCC_C_LANGUAGE_STANDARD = gnu11;
				GCC_DYNAMIC_NO_PIC = NO;
				GCC_NO_COMMON_BLOCKS = YES;
				GCC_OPTIMIZATION_LEVEL = 0;
				GCC_PREPROCESSOR_DEFINITIONS = (
					"DEBUG=1",
					"$(inherited)",
				);
				GCC_WARN_64_TO_32_BIT_CONVERSION = YES;
				GCC_WARN_ABOUT_RETURN_TYPE = YES_ERROR;
				GCC_WARN_UNDECLARED_SELECTOR = YES;
				GCC_WARN_UNINITIALIZED_AUTOS = YES_AGGRESSIVE;
				GCC_WARN_UNUSED_FUNCTION = YES;
				GCC_WARN_UNUSED_VARIABLE = YES;
				IPHONEOS_DEPLOYMENT_TARGET = 16.0;
				MTL_ENABLE_DEBUG_INFO = INCLUDE_SOURCE;
				MTL_FAST_MATH = YES;
				ONLY_ACTIVE_ARCH = YES;
				SDKROOT = iphoneos;
				SWIFT_ACTIVE_COMPILATION_CONDITIONS = DEBUG;
				SWIFT_OPTIMIZATION_LEVEL = "-Onone";
			};
			name = Debug;
		};
		EBE998C82987EBDC00C1D275 /* Release */ = {
			isa = XCBuildConfiguration;
			buildSettings = {
				ALWAYS_SEARCH_USER_PATHS = NO;
				CLANG_ANALYZER_NONNULL = YES;
				CLANG_ANALYZER_NUMBER_OBJECT_CONVERSION = YES_AGGRESSIVE;
				CLANG_CXX_LANGUAGE_STANDARD = "gnu++20";
				CLANG_ENABLE_MODULES = YES;
				CLANG_ENABLE_OBJC_ARC = YES;
				CLANG_ENABLE_OBJC_WEAK = YES;
				CLANG_WARN_BLOCK_CAPTURE_AUTORELEASING = YES;
				CLANG_WARN_BOOL_CONVERSION = YES;
				CLANG_WARN_COMMA = YES;
				CLANG_WARN_CONSTANT_CONVERSION = YES;
				CLANG_WARN_DEPRECATED_OBJC_IMPLEMENTATIONS = YES;
				CLANG_WARN_DIRECT_OBJC_ISA_USAGE = YES_ERROR;
				CLANG_WARN_DOCUMENTATION_COMMENTS = YES;
				CLANG_WARN_EMPTY_BODY = YES;
				CLANG_WARN_ENUM_CONVERSION = YES;
				CLANG_WARN_INFINITE_RECURSION = YES;
				CLANG_WARN_INT_CONVERSION = YES;
				CLANG_WARN_NON_LITERAL_NULL_CONVERSION = YES;
				CLANG_WARN_OBJC_IMPLICIT_RETAIN_SELF = YES;
				CLANG_WARN_OBJC_LITERAL_CONVERSION = YES;
				CLANG_WARN_OBJC_ROOT_CLASS = YES_ERROR;
				CLANG_WARN_QUOTED_INCLUDE_IN_FRAMEWORK_HEADER = YES;
				CLANG_WARN_RANGE_LOOP_ANALYSIS = YES;
				CLANG_WARN_STRICT_PROTOTYPES = YES;
				CLANG_WARN_SUSPICIOUS_MOVE = YES;
				CLANG_WARN_UNGUARDED_AVAILABILITY = YES_AGGRESSIVE;
				CLANG_WARN_UNREACHABLE_CODE = YES;
				CLANG_WARN__DUPLICATE_METHOD_MATCH = YES;
				COPY_PHASE_STRIP = NO;
				DEBUG_INFORMATION_FORMAT = "dwarf-with-dsym";
				ENABLE_NS_ASSERTIONS = NO;
				ENABLE_STRICT_OBJC_MSGSEND = YES;
				GCC_C_LANGUAGE_STANDARD = gnu11;
				GCC_NO_COMMON_BLOCKS = YES;
				GCC_WARN_64_TO_32_BIT_CONVERSION = YES;
				GCC_WARN_ABOUT_RETURN_TYPE = YES_ERROR;
				GCC_WARN_UNDECLARED_SELECTOR = YES;
				GCC_WARN_UNINITIALIZED_AUTOS = YES_AGGRESSIVE;
				GCC_WARN_UNUSED_FUNCTION = YES;
				GCC_WARN_UNUSED_VARIABLE = YES;
				IPHONEOS_DEPLOYMENT_TARGET = 16.0;
				MTL_ENABLE_DEBUG_INFO = NO;
				MTL_FAST_MATH = YES;
				SDKROOT = iphoneos;
				SWIFT_COMPILATION_MODE = wholemodule;
				SWIFT_OPTIMIZATION_LEVEL = "-O";
				VALIDATE_PRODUCT = YES;
			};
			name = Release;
		};
		EBE998CA2987EBDC00C1D275 /* Debug */ = {
			isa = XCBuildConfiguration;
			buildSettings = {
				ASSETCATALOG_COMPILER_APPICON_NAME = AppIcon;
				ASSETCATALOG_COMPILER_GLOBAL_ACCENT_COLOR_NAME = AccentColor;
				CODE_SIGN_STYLE = Automatic;
				CURRENT_PROJECT_VERSION = 1;
				DEVELOPMENT_TEAM = WKR6YG78R4;
				GENERATE_INFOPLIST_FILE = YES;
				INFOPLIST_FILE = FilmsNadTT/Info.plist;
				INFOPLIST_KEY_UIApplicationSupportsIndirectInputEvents = YES;
				INFOPLIST_KEY_UILaunchStoryboardName = LaunchScreen;
				INFOPLIST_KEY_UIMainStoryboardFile = Main;
				INFOPLIST_KEY_UISupportedInterfaceOrientations_iPad = "UIInterfaceOrientationPortrait UIInterfaceOrientationPortraitUpsideDown UIInterfaceOrientationLandscapeLeft UIInterfaceOrientationLandscapeRight";
				INFOPLIST_KEY_UISupportedInterfaceOrientations_iPhone = "UIInterfaceOrientationPortrait UIInterfaceOrientationLandscapeLeft UIInterfaceOrientationLandscapeRight";
				LD_RUNPATH_SEARCH_PATHS = (
					"$(inherited)",
					"@executable_path/Frameworks",
				);
				MARKETING_VERSION = 1.0;
				PRODUCT_BUNDLE_IDENTIFIER = ios.FilmsNadTT;
				PRODUCT_NAME = "$(TARGET_NAME)";
				SWIFT_EMIT_LOC_STRINGS = YES;
				SWIFT_VERSION = 5.0;
				TARGETED_DEVICE_FAMILY = "1,2";
			};
			name = Debug;
		};
		EBE998CB2987EBDC00C1D275 /* Release */ = {
			isa = XCBuildConfiguration;
			buildSettings = {
				ASSETCATALOG_COMPILER_APPICON_NAME = AppIcon;
				ASSETCATALOG_COMPILER_GLOBAL_ACCENT_COLOR_NAME = AccentColor;
				CODE_SIGN_STYLE = Automatic;
				CURRENT_PROJECT_VERSION = 1;
				DEVELOPMENT_TEAM = WKR6YG78R4;
				GENERATE_INFOPLIST_FILE = YES;
				INFOPLIST_FILE = FilmsNadTT/Info.plist;
				INFOPLIST_KEY_UIApplicationSupportsIndirectInputEvents = YES;
				INFOPLIST_KEY_UILaunchStoryboardName = LaunchScreen;
				INFOPLIST_KEY_UIMainStoryboardFile = Main;
				INFOPLIST_KEY_UISupportedInterfaceOrientations_iPad = "UIInterfaceOrientationPortrait UIInterfaceOrientationPortraitUpsideDown UIInterfaceOrientationLandscapeLeft UIInterfaceOrientationLandscapeRight";
				INFOPLIST_KEY_UISupportedInterfaceOrientations_iPhone = "UIInterfaceOrientationPortrait UIInterfaceOrientationLandscapeLeft UIInterfaceOrientationLandscapeRight";
				LD_RUNPATH_SEARCH_PATHS = (
					"$(inherited)",
					"@executable_path/Frameworks",
				);
				MARKETING_VERSION = 1.0;
				PRODUCT_BUNDLE_IDENTIFIER = ios.FilmsNadTT;
				PRODUCT_NAME = "$(TARGET_NAME)";
				SWIFT_EMIT_LOC_STRINGS = YES;
				SWIFT_VERSION = 5.0;
				TARGETED_DEVICE_FAMILY = "1,2";
			};
			name = Release;
		};
/* End XCBuildConfiguration section */

/* Begin XCConfigurationList section */
		EBE998AD2987EBD400C1D275 /* Build configuration list for PBXProject "FilmsNadTT" */ = {
			isa = XCConfigurationList;
			buildConfigurations = (
				EBE998C72987EBDC00C1D275 /* Debug */,
				EBE998C82987EBDC00C1D275 /* Release */,
			);
			defaultConfigurationIsVisible = 0;
			defaultConfigurationName = Release;
		};
		EBE998C92987EBDC00C1D275 /* Build configuration list for PBXNativeTarget "FilmsNadTT" */ = {
			isa = XCConfigurationList;
			buildConfigurations = (
				EBE998CA2987EBDC00C1D275 /* Debug */,
				EBE998CB2987EBDC00C1D275 /* Release */,
			);
			defaultConfigurationIsVisible = 0;
			defaultConfigurationName = Release;
		};
/* End XCConfigurationList section */

/* Begin XCVersionGroup section */
		EBE998BE2987EBD400C1D275 /* FilmsNadTT.xcdatamodeld */ = {
			isa = XCVersionGroup;
			children = (
				EBE998DE2988120900C1D275 /* FilmsNadTT 2.xcdatamodel */,
				EBE998BF2987EBD400C1D275 /* FilmsNadTT.xcdatamodel */,
			);
			currentVersion = EBE998BF2987EBD400C1D275 /* FilmsNadTT.xcdatamodel */;
			path = FilmsNadTT.xcdatamodeld;
			sourceTree = "<group>";
			versionGroupType = wrapper.xcdatamodel;
		};
/* End XCVersionGroup section */
	};
	rootObject = EBE998AA2987EBD400C1D275 /* Project object */;
}
